
Microsoft Visual Studio Solution File, Format Version 12.00
# Visual Studio Version 16
VisualStudioVersion = 16.0.30804.86
MinimumVisualStudioVersion = 10.0.40219.1
Project("{FAE04EC0-301F-11D3-BF4B-00C04F79EFBC}") = "Ticket", "Ticket.csproj", "{025B6C36-1108-4EBF-8EAB-7EE49C4E6872}"
EndProject
Global
	GlobalSection(SolutionConfigurationPlatforms) = preSolution
		Debug|Any CPU = Debug|Any CPU
		Release|Any CPU = Release|Any CPU
	EndGlobalSection
	GlobalSection(ProjectConfigurationPlatforms) = postSolution
		{025B6C36-1108-4EBF-8EAB-7EE49C4E6872}.Debug|Any CPU.ActiveCfg = Debug|Any CPU
		{025B6C36-1108-4EBF-8EAB-7EE49C4E6872}.Debug|Any CPU.Build.0 = Debug|Any CPU
		{025B6C36-1108-4EBF-8EAB-7EE49C4E6872}.Release|Any CPU.ActiveCfg = Release|Any CPU
		{025B6C36-1108-4EBF-8EAB-7EE49C4E6872}.Release|Any CPU.Build.0 = Release|Any CPU
	EndGlobalSection
	GlobalSection(SolutionProperties) = preSolution
		HideSolutionNode = FALSE
	EndGlobalSection
	GlobalSection(ExtensibilityGlobals) = postSolution
		SolutionGuid = {E5F4AEFB-1A1D-488A-B6EB-25790EFD26CE}
	EndGlobalSection
EndGlobal
